{
  "name": "scatter-plot",
  "version": "1.0.0",
  "lockfileVersion": 1,
  "requires": true,
  "dependencies": {
    "commander": {
      "version": "2.20.3",
      "resolved": "https://registry.npm.taobao.org/commander/download/commander-2.20.3.tgz?cache=0&sync_timestamp=1587783321998&other_urls=https%3A%2F%2Fregistry.npm.taobao.org%2Fcommander%2Fdownload%2Fcommander-2.20.3.tgz",
      "integrity": "sha1-/UhehMA+tIgcIHIrpIA16FMa6zM="
    },
    "d3-array": {
      "version": "2.4.0",
      "resolved": "https://registry.npm.taobao.org/d3-array/download/d3-array-2.4.0.tgz",
      "integrity": "sha1-h/i5rREIh2nIK16oRryxzJOT8kI="
    },
    "d3-axis": {
      "version": "1.0.12",
      "resolved": "https://registry.npm.taobao.org/d3-axis/download/d3-axis-1.0.12.tgz",
      "integrity": "sha1-zfILohDPu0N5WvM3Vohvs2ONqsk="
    },
    "d3-color": {
      "version": "3.1.0",
      "resolved": "https://registry.npmjs.org/d3-color/-/d3-color-3.1.0.tgz",
      "integrity": "sha512-zg/chbXyeBtMQ1LbD/WSoW2DpC3I0mpmPdW+ynRTj/x2DAWYrIY7qeZIHidozwV24m4iavr15lNwIwLxRmOxhA=="
    },
    "d3-dsv": {
      "version": "1.2.0",
      "resolved": "https://registry.npm.taobao.org/d3-dsv/download/d3-dsv-1.2.0.tgz",
      "integrity": "sha1-nV91w6X4q9YR900/WEew1DOLiFw=",
      "requires": {
        "commander": "2",
        "iconv-lite": "0.4",
        "rw": "1"
      }
    },
    "d3-fetch": {
      "version": "1.1.2",
      "resolved": "https://registry.npm.taobao.org/d3-fetch/download/d3-fetch-1.1.2.tgz",
      "integrity": "sha1-lXyPvG1EgFmboZGxslGL+Gs+G+I=",
      "requires": {
        "d3-dsv": "1"
      }
    },
    "d3-format": {
      "version": "3.1.0",
      "resolved": "https://registry.npmjs.org/d3-format/-/d3-format-3.1.0.tgz",
      "integrity": "sha512-YyUI6AEuY/Wpt8KWLgZHsIU86atmikuoOmCfommt0LYHiQSPjvX2AcFc38PX0CBpr2RCyZhjex+NS/LPOv6YqA=="
    },
    "d3-interpolate": {
      "version": "3.0.1",
      "resolved": "https://registry.npmjs.org/d3-interpolate/-/d3-interpolate-3.0.1.tgz",
      "integrity": "sha512-3bYs1rOD33uo8aqJfKP3JWPAibgw8Zm2+L9vBKEHJ2Rg+viTR7o5Mmv5mZcieN+FRYaAOWX5SJATX6k1PWz72g==",
      "requires": {
        "d3-color": "1 - 3"
      }
    },
    "d3-scale": {
      "version": "4.0.2",
      "resolved": "https://registry.npmjs.org/d3-scale/-/d3-scale-4.0.2.tgz",
      "integrity": "sha512-GZW464g1SH7ag3Y7hXjf8RoUuAFIqklOAq3MRl4OaWabTFJY9PN/E1YklhXLh+OQ3fM9yS2nOkCoS+WLZ6kvxQ==",
      "requires": {
        "d3-array": "2.10.0 - 3",
        "d3-format": "1 - 3",
        "d3-interpolate": "1.2.0 - 3",
        "d3-time": "2.1.1 - 3",
        "d3-time-format": "2 - 4"
      },
      "dependencies": {
        "d3-array": {
          "version": "3.2.0",
          "resolved": "https://registry.npmjs.org/d3-array/-/d3-array-3.2.0.tgz",
          "integrity": "sha512-3yXFQo0oG3QCxbF06rMPFyGRMGJNS7NvsV1+2joOjbBE+9xvWQ8+GcMJAjRCzw06zQ3/arXeJgbPYcjUCuC+3g==",
          "requires": {
            "internmap": "1 - 2"
          }
        },
        "d3-time": {
          "version": "3.0.0",
          "resolved": "https://registry.npmjs.org/d3-time/-/d3-time-3.0.0.tgz",
          "integrity": "sha512-zmV3lRnlaLI08y9IMRXSDshQb5Nj77smnfpnd2LrBa/2K281Jijactokeak14QacHs/kKq0AQ121nidNYlarbQ==",
          "requires": {
            "d3-array": "2 - 3"
          }
        }
      }
    },
    "d3-selection": {
      "version": "1.4.1",
      "resolved": "https://registry.npm.taobao.org/d3-selection/download/d3-selection-1.4.1.tgz",
      "integrity": "sha1-mO7bvghfvaW6+i+ePzovTX1iKpg="
    },
    "d3-time": {
      "version": "1.1.0",
      "resolved": "https://registry.npm.taobao.org/d3-time/download/d3-time-1.1.0.tgz?cache=0&sync_timestamp=1569442072414&other_urls=https%3A%2F%2Fregistry.npm.taobao.org%2Fd3-time%2Fdownload%2Fd3-time-1.1.0.tgz",
      "integrity": "sha1-seGdMH2unJALflsl/8XcwkmooPE="
    },
    "d3-time-format": {
      "version": "2.2.3",
      "resolved": "https://registry.npm.taobao.org/d3-time-format/download/d3-time-format-2.2.3.tgz",
      "integrity": "sha1-DJoS7ig0KyA35eoc8LnrTddfKcs=",
      "requires": {
        "d3-time": "1"
      }
    },
    "iconv-lite": {
      "version": "0.4.24",
      "resolved": "https://registry.npm.taobao.org/iconv-lite/download/iconv-lite-0.4.24.tgz?cache=0&sync_timestamp=1579333981154&other_urls=https%3A%2F%2Fregistry.npm.taobao.org%2Ficonv-lite%2Fdownload%2Ficonv-lite-0.4.24.tgz",
      "integrity": "sha1-ICK0sl+93CHS9SSXSkdKr+czkIs=",
      "requires": {
        "safer-buffer": ">= 2.1.2 < 3"
      }
    },
    "internmap": {
      "version": "2.0.3",
      "resolved": "https://registry.npmjs.org/internmap/-/internmap-2.0.3.tgz",
      "integrity": "sha512-5Hh7Y1wQbvY5ooGgPbDaL5iYLAPzMTUrjMulskHLH6wnv/A+1q5rgEaiuqEjB+oxGXIVZs1FF+R/KPN3ZSQYYg=="
    },
    "rw": {
      "version": "1.3.3",
      "resolved": "https://registry.npm.taobao.org/rw/download/rw-1.3.3.tgz",
      "integrity": "sha1-P4Yt+pGrdmsUiF700BEkv9oHT7Q="
    },
    "safer-buffer": {
      "version": "2.1.2",
      "resolved": "https://registry.npm.taobao.org/safer-buffer/download/safer-buffer-2.1.2.tgz",
      "integrity": "sha1-RPoWGwGHuVSd2Eu5GAL5vYOFzWo="
    }
  }
}
